// !$*UTF8*$!
{
	archiveVersion = 1;
	classes = {
	};
	objectVersion = 50;
	objects = {

/* Begin PBXBuildFile section */
		2B5CA9FD26323F16001E99C5 /* MainCoordinator.swift in Sources */ = {isa = PBXBuildFile; fileRef = 2B5CA9FC26323F16001E99C5 /* MainCoordinator.swift */; };
		2B5CAA0226323F23001E99C5 /* DataStorage.swift in Sources */ = {isa = PBXBuildFile; fileRef = 2B5CAA0126323F23001E99C5 /* DataStorage.swift */; };
		2B5CAA0826323F9A001E99C5 /* Place.swift in Sources */ = {isa = PBXBuildFile; fileRef = 2B5CAA0726323F9A001E99C5 /* Place.swift */; };
		2B5CAA1026324152001E99C5 /* PlaceDetails.swift in Sources */ = {isa = PBXBuildFile; fileRef = 2B5CAA0F26324152001E99C5 /* PlaceDetails.swift */; };
		2B5CAA81263795A6001E99C5 /* PlacesDataSource.swift in Sources */ = {isa = PBXBuildFile; fileRef = 2B5CAA80263795A6001E99C5 /* PlacesDataSource.swift */; };
		2B5CAA8B263795D5001E99C5 /* DataSourceProtocol.swift in Sources */ = {isa = PBXBuildFile; fileRef = 2B5CAA8A263795D5001E99C5 /* DataSourceProtocol.swift */; };
		2B5CAA9C263798B3001E99C5 /* ViewModelProtocol.swift in Sources */ = {isa = PBXBuildFile; fileRef = 2B5CAA9B263798B3001E99C5 /* ViewModelProtocol.swift */; };
		2B5CAAA1263798DE001E99C5 /* ViewProtocol.swift in Sources */ = {isa = PBXBuildFile; fileRef = 2B5CAAA0263798DE001E99C5 /* ViewProtocol.swift */; };
		2B75D7CA2632298600ED8FFB /* CommonError.swift in Sources */ = {isa = PBXBuildFile; fileRef = 2B75D7C92632298600ED8FFB /* CommonError.swift */; };
		2B75D7D226322F8B00ED8FFB /* APIMapRequest.swift in Sources */ = {isa = PBXBuildFile; fileRef = 2B75D7D126322F8B00ED8FFB /* APIMapRequest.swift */; };
		2B75D7E02632310C00ED8FFB /* CoreLocation.framework in Frameworks */ = {isa = PBXBuildFile; fileRef = 2B75D7DF2632310B00ED8FFB /* CoreLocation.framework */; };
		2B96DE022632166E001C1026 /* FindPlaceTests.swift in Sources */ = {isa = PBXBuildFile; fileRef = 2B96DE012632166E001C1026 /* FindPlaceTests.swift */; };
		2B96DE0D2632166E001C1026 /* FindPlaceUITests.swift in Sources */ = {isa = PBXBuildFile; fileRef = 2B96DE0C2632166E001C1026 /* FindPlaceUITests.swift */; };
		2B96DE2926321708001C1026 /* Assets.xcassets in Resources */ = {isa = PBXBuildFile; fileRef = 2B96DE2426321708001C1026 /* Assets.xcassets */; };
		2B96DE2A26321708001C1026 /* LaunchScreen.storyboard in Resources */ = {isa = PBXBuildFile; fileRef = 2B96DE2526321708001C1026 /* LaunchScreen.storyboard */; };
		2B96DE2B26321708001C1026 /* Main.storyboard in Resources */ = {isa = PBXBuildFile; fileRef = 2B96DE2726321708001C1026 /* Main.storyboard */; };
		2B96DE3426321713001C1026 /* AppDelegate.swift in Sources */ = {isa = PBXBuildFile; fileRef = 2B96DE3126321713001C1026 /* AppDelegate.swift */; };
		2B96DE3526321713001C1026 /* SceneDelegate.swift in Sources */ = {isa = PBXBuildFile; fileRef = 2B96DE3226321713001C1026 /* SceneDelegate.swift */; };
		2B96DE5D26321AE8001C1026 /* CoordinatorProtocol.swift in Sources */ = {isa = PBXBuildFile; fileRef = 2B96DE5C26321AE8001C1026 /* CoordinatorProtocol.swift */; };
		2B96DE7926321C4A001C1026 /* APIRequestProtocol.swift in Sources */ = {isa = PBXBuildFile; fileRef = 2B96DE7826321C4A001C1026 /* APIRequestProtocol.swift */; };
		2B96DE7E26321C5E001C1026 /* APIService.swift in Sources */ = {isa = PBXBuildFile; fileRef = 2B96DE7D26321C5E001C1026 /* APIService.swift */; };
		2B96DE8C26321EE6001C1026 /* FindPlaceModulesFactory.swift in Sources */ = {isa = PBXBuildFile; fileRef = 2B96DE8B26321EE6001C1026 /* FindPlaceModulesFactory.swift */; };
		2B96DE9926322312001C1026 /* SearchPlaceViewController.swift in Sources */ = {isa = PBXBuildFile; fileRef = 2B96DE9826322312001C1026 /* SearchPlaceViewController.swift */; };
		2B96DEA126322359001C1026 /* SearchPlaceViewModel.swift in Sources */ = {isa = PBXBuildFile; fileRef = 2B96DEA026322359001C1026 /* SearchPlaceViewModel.swift */; };
/* End PBXBuildFile section */

/* Begin PBXContainerItemProxy section */
		2B96DDFE2632166E001C1026 /* PBXContainerItemProxy */ = {
			isa = PBXContainerItemProxy;
			containerPortal = 2B96DDDF2632166A001C1026 /* Project object */;
			proxyType = 1;
			remoteGlobalIDString = 2B96DDE62632166A001C1026;
			remoteInfo = FindPlace;
		};
		2B96DE092632166E001C1026 /* PBXContainerItemProxy */ = {
			isa = PBXContainerItemProxy;
			containerPortal = 2B96DDDF2632166A001C1026 /* Project object */;
			proxyType = 1;
			remoteGlobalIDString = 2B96DDE62632166A001C1026;
			remoteInfo = FindPlace;
		};
/* End PBXContainerItemProxy section */

/* Begin PBXFileReference section */
		2B5CA9FC26323F16001E99C5 /* MainCoordinator.swift */ = {isa = PBXFileReference; fileEncoding = 4; lastKnownFileType = sourcecode.swift; path = MainCoordinator.swift; sourceTree = "<group>"; };
		2B5CAA0126323F23001E99C5 /* DataStorage.swift */ = {isa = PBXFileReference; lastKnownFileType = sourcecode.swift; path = DataStorage.swift; sourceTree = "<group>"; };
		2B5CAA0726323F9A001E99C5 /* Place.swift */ = {isa = PBXFileReference; lastKnownFileType = sourcecode.swift; path = Place.swift; sourceTree = "<group>"; };
		2B5CAA0F26324152001E99C5 /* PlaceDetails.swift */ = {isa = PBXFileReference; lastKnownFileType = sourcecode.swift; path = PlaceDetails.swift; sourceTree = "<group>"; };
		2B5CAA80263795A6001E99C5 /* PlacesDataSource.swift */ = {isa = PBXFileReference; lastKnownFileType = sourcecode.swift; path = PlacesDataSource.swift; sourceTree = "<group>"; };
		2B5CAA8A263795D5001E99C5 /* DataSourceProtocol.swift */ = {isa = PBXFileReference; lastKnownFileType = sourcecode.swift; path = DataSourceProtocol.swift; sourceTree = "<group>"; };
		2B5CAA9B263798B3001E99C5 /* ViewModelProtocol.swift */ = {isa = PBXFileReference; lastKnownFileType = sourcecode.swift; path = ViewModelProtocol.swift; sourceTree = "<group>"; };
		2B5CAAA0263798DE001E99C5 /* ViewProtocol.swift */ = {isa = PBXFileReference; lastKnownFileType = sourcecode.swift; path = ViewProtocol.swift; sourceTree = "<group>"; };
		2B75D7C92632298600ED8FFB /* CommonError.swift */ = {isa = PBXFileReference; lastKnownFileType = sourcecode.swift; path = CommonError.swift; sourceTree = "<group>"; };
		2B75D7D126322F8B00ED8FFB /* APIMapRequest.swift */ = {isa = PBXFileReference; lastKnownFileType = sourcecode.swift; path = APIMapRequest.swift; sourceTree = "<group>"; };
		2B75D7DA263230EF00ED8FFB /* MapKit.framework */ = {isa = PBXFileReference; lastKnownFileType = wrapper.framework; name = MapKit.framework; path = System/Library/Frameworks/MapKit.framework; sourceTree = SDKROOT; };
		2B75D7DF2632310B00ED8FFB /* CoreLocation.framework */ = {isa = PBXFileReference; lastKnownFileType = wrapper.framework; name = CoreLocation.framework; path = System/Library/Frameworks/CoreLocation.framework; sourceTree = SDKROOT; };
		2B96DDE72632166A001C1026 /* FindPlace.app */ = {isa = PBXFileReference; explicitFileType = wrapper.application; includeInIndex = 0; path = FindPlace.app; sourceTree = BUILT_PRODUCTS_DIR; };
		2B96DDF82632166D001C1026 /* Info.plist */ = {isa = PBXFileReference; lastKnownFileType = text.plist.xml; path = Info.plist; sourceTree = "<group>"; };
		2B96DDFD2632166E001C1026 /* FindPlaceTests.xctest */ = {isa = PBXFileReference; explicitFileType = wrapper.cfbundle; includeInIndex = 0; path = FindPlaceTests.xctest; sourceTree = BUILT_PRODUCTS_DIR; };
		2B96DE012632166E001C1026 /* FindPlaceTests.swift */ = {isa = PBXFileReference; lastKnownFileType = sourcecode.swift; path = FindPlaceTests.swift; sourceTree = "<group>"; };
		2B96DE032632166E001C1026 /* Info.plist */ = {isa = PBXFileReference; lastKnownFileType = text.plist.xml; path = Info.plist; sourceTree = "<group>"; };
		2B96DE082632166E001C1026 /* FindPlaceUITests.xctest */ = {isa = PBXFileReference; explicitFileType = wrapper.cfbundle; includeInIndex = 0; path = FindPlaceUITests.xctest; sourceTree = BUILT_PRODUCTS_DIR; };
		2B96DE0C2632166E001C1026 /* FindPlaceUITests.swift */ = {isa = PBXFileReference; lastKnownFileType = sourcecode.swift; path = FindPlaceUITests.swift; sourceTree = "<group>"; };
		2B96DE0E2632166E001C1026 /* Info.plist */ = {isa = PBXFileReference; lastKnownFileType = text.plist.xml; path = Info.plist; sourceTree = "<group>"; };
		2B96DE2426321708001C1026 /* Assets.xcassets */ = {isa = PBXFileReference; lastKnownFileType = folder.assetcatalog; path = Assets.xcassets; sourceTree = "<group>"; };
		2B96DE2626321708001C1026 /* Base */ = {isa = PBXFileReference; lastKnownFileType = file.storyboard; name = Base; path = Base.lproj/LaunchScreen.storyboard; sourceTree = "<group>"; };
		2B96DE2826321708001C1026 /* Base */ = {isa = PBXFileReference; lastKnownFileType = file.storyboard; name = Base; path = Base.lproj/Main.storyboard; sourceTree = "<group>"; };
		2B96DE3126321713001C1026 /* AppDelegate.swift */ = {isa = PBXFileReference; fileEncoding = 4; lastKnownFileType = sourcecode.swift; path = AppDelegate.swift; sourceTree = "<group>"; };
		2B96DE3226321713001C1026 /* SceneDelegate.swift */ = {isa = PBXFileReference; fileEncoding = 4; lastKnownFileType = sourcecode.swift; path = SceneDelegate.swift; sourceTree = "<group>"; };
		2B96DE5C26321AE8001C1026 /* CoordinatorProtocol.swift */ = {isa = PBXFileReference; lastKnownFileType = sourcecode.swift; path = CoordinatorProtocol.swift; sourceTree = "<group>"; };
		2B96DE7826321C4A001C1026 /* APIRequestProtocol.swift */ = {isa = PBXFileReference; lastKnownFileType = sourcecode.swift; path = APIRequestProtocol.swift; sourceTree = "<group>"; };
		2B96DE7D26321C5E001C1026 /* APIService.swift */ = {isa = PBXFileReference; lastKnownFileType = sourcecode.swift; path = APIService.swift; sourceTree = "<group>"; };
		2B96DE8B26321EE6001C1026 /* FindPlaceModulesFactory.swift */ = {isa = PBXFileReference; lastKnownFileType = sourcecode.swift; path = FindPlaceModulesFactory.swift; sourceTree = "<group>"; };
		2B96DE9826322312001C1026 /* SearchPlaceViewController.swift */ = {isa = PBXFileReference; lastKnownFileType = sourcecode.swift; path = SearchPlaceViewController.swift; sourceTree = "<group>"; };
		2B96DEA026322359001C1026 /* SearchPlaceViewModel.swift */ = {isa = PBXFileReference; lastKnownFileType = sourcecode.swift; path = SearchPlaceViewModel.swift; sourceTree = "<group>"; };
/* End PBXFileReference section */

/* Begin PBXFrameworksBuildPhase section */
		2B96DDE42632166A001C1026 /* Frameworks */ = {
			isa = PBXFrameworksBuildPhase;
			buildActionMask = 2147483647;
			files = (
				2B75D7E02632310C00ED8FFB /* CoreLocation.framework in Frameworks */,
			);
			runOnlyForDeploymentPostprocessing = 0;
		};
		2B96DDFA2632166E001C1026 /* Frameworks */ = {
			isa = PBXFrameworksBuildPhase;
			buildActionMask = 2147483647;
			files = (
			);
			runOnlyForDeploymentPostprocessing = 0;
		};
		2B96DE052632166E001C1026 /* Frameworks */ = {
			isa = PBXFrameworksBuildPhase;
			buildActionMask = 2147483647;
			files = (
			);
			runOnlyForDeploymentPostprocessing = 0;
		};
/* End PBXFrameworksBuildPhase section */

/* Begin PBXGroup section */
		2B5CAA0626323F83001E99C5 /* Model */ = {
			isa = PBXGroup;
			children = (
				2B5CAA0726323F9A001E99C5 /* Place.swift */,
				2B5CAA0F26324152001E99C5 /* PlaceDetails.swift */,
			);
			path = Model;
			sourceTree = "<group>";
		};
		2B75D7D9263230EE00ED8FFB /* Frameworks */ = {
			isa = PBXGroup;
			children = (
				2B75D7DF2632310B00ED8FFB /* CoreLocation.framework */,
				2B75D7DA263230EF00ED8FFB /* MapKit.framework */,
			);
			name = Frameworks;
			sourceTree = "<group>";
		};
		2B96DDDE2632166A001C1026 = {
			isa = PBXGroup;
			children = (
				2B96DDE92632166A001C1026 /* FindPlace */,
				2B96DE002632166E001C1026 /* FindPlaceTests */,
				2B96DE0B2632166E001C1026 /* FindPlaceUITests */,
				2B96DDE82632166A001C1026 /* Products */,
				2B75D7D9263230EE00ED8FFB /* Frameworks */,
			);
			sourceTree = "<group>";
		};
		2B96DDE82632166A001C1026 /* Products */ = {
			isa = PBXGroup;
			children = (
				2B96DDE72632166A001C1026 /* FindPlace.app */,
				2B96DDFD2632166E001C1026 /* FindPlaceTests.xctest */,
				2B96DE082632166E001C1026 /* FindPlaceUITests.xctest */,
			);
			name = Products;
			sourceTree = "<group>";
		};
		2B96DDE92632166A001C1026 /* FindPlace */ = {
			isa = PBXGroup;
			children = (
				2B96DE2326321708001C1026 /* Resources */,
				2B96DE2F26321713001C1026 /* Source */,
				2B96DDF82632166D001C1026 /* Info.plist */,
			);
			path = FindPlace;
			sourceTree = "<group>";
		};
		2B96DE002632166E001C1026 /* FindPlaceTests */ = {
			isa = PBXGroup;
			children = (
				2B96DE012632166E001C1026 /* FindPlaceTests.swift */,
				2B96DE032632166E001C1026 /* Info.plist */,
			);
			path = FindPlaceTests;
			sourceTree = "<group>";
		};
		2B96DE0B2632166E001C1026 /* FindPlaceUITests */ = {
			isa = PBXGroup;
			children = (
				2B96DE0C2632166E001C1026 /* FindPlaceUITests.swift */,
				2B96DE0E2632166E001C1026 /* Info.plist */,
			);
			path = FindPlaceUITests;
			sourceTree = "<group>";
		};
		2B96DE2326321708001C1026 /* Resources */ = {
			isa = PBXGroup;
			children = (
				2B96DE2426321708001C1026 /* Assets.xcassets */,
				2B96DE2526321708001C1026 /* LaunchScreen.storyboard */,
				2B96DE2726321708001C1026 /* Main.storyboard */,
			);
			path = Resources;
			sourceTree = "<group>";
		};
		2B96DE2F26321713001C1026 /* Source */ = {
			isa = PBXGroup;
			children = (
				2B96DE40263218C4001C1026 /* Common */,
				2B96DE41263218C4001C1026 /* Network */,
				2B96DE3926321754001C1026 /* Modules */,
				2B96DE3C26321754001C1026 /* Utilities */,
				2B96DE3126321713001C1026 /* AppDelegate.swift */,
				2B96DE3226321713001C1026 /* SceneDelegate.swift */,
			);
			path = Source;
			sourceTree = "<group>";
		};
		2B96DE3926321754001C1026 /* Modules */ = {
			isa = PBXGroup;
			children = (
				2B96DE3A26321754001C1026 /* SearchPlace */,
				2B96DE3B26321754001C1026 /* PlaceDatails */,
			);
			path = Modules;
			sourceTree = "<group>";
		};
		2B96DE3A26321754001C1026 /* SearchPlace */ = {
			isa = PBXGroup;
			children = (
				2B96DE9826322312001C1026 /* SearchPlaceViewController.swift */,
				2B96DEA026322359001C1026 /* SearchPlaceViewModel.swift */,
				2B5CAA80263795A6001E99C5 /* PlacesDataSource.swift */,
			);
			path = SearchPlace;
			sourceTree = "<group>";
		};
		2B96DE3B26321754001C1026 /* PlaceDatails */ = {
			isa = PBXGroup;
			children = (
			);
			path = PlaceDatails;
			sourceTree = "<group>";
		};
		2B96DE3C26321754001C1026 /* Utilities */ = {
			isa = PBXGroup;
			children = (
			);
			path = Utilities;
			sourceTree = "<group>";
		};
		2B96DE40263218C4001C1026 /* Common */ = {
			isa = PBXGroup;
			children = (
				2B96DE5C26321AE8001C1026 /* CoordinatorProtocol.swift */,
				2B96DE8B26321EE6001C1026 /* FindPlaceModulesFactory.swift */,
				2B75D7C92632298600ED8FFB /* CommonError.swift */,
				2B5CA9FC26323F16001E99C5 /* MainCoordinator.swift */,
				2B5CAA0126323F23001E99C5 /* DataStorage.swift */,
				2B5CAA8A263795D5001E99C5 /* DataSourceProtocol.swift */,
				2B5CAA9B263798B3001E99C5 /* ViewModelProtocol.swift */,
				2B5CAAA0263798DE001E99C5 /* ViewProtocol.swift */,
				2B5CAA0626323F83001E99C5 /* Model */,
			);
			path = Common;
			sourceTree = "<group>";
		};
		2B96DE41263218C4001C1026 /* Network */ = {
			isa = PBXGroup;
			children = (
				2B96DE7826321C4A001C1026 /* APIRequestProtocol.swift */,
				2B96DE7D26321C5E001C1026 /* APIService.swift */,
				2B75D7D126322F8B00ED8FFB /* APIMapRequest.swift */,
			);
			path = Network;
			sourceTree = "<group>";
		};
/* End PBXGroup section */

/* Begin PBXNativeTarget section */
		2B96DDE62632166A001C1026 /* FindPlace */ = {
			isa = PBXNativeTarget;
			buildConfigurationList = 2B96DE112632166E001C1026 /* Build configuration list for PBXNativeTarget "FindPlace" */;
			buildPhases = (
				2B96DDE32632166A001C1026 /* Sources */,
				2B96DDE42632166A001C1026 /* Frameworks */,
				2B96DDE52632166A001C1026 /* Resources */,
			);
			buildRules = (
			);
			dependencies = (
			);
			name = FindPlace;
			productName = FindPlace;
			productReference = 2B96DDE72632166A001C1026 /* FindPlace.app */;
			productType = "com.apple.product-type.application";
		};
		2B96DDFC2632166E001C1026 /* FindPlaceTests */ = {
			isa = PBXNativeTarget;
			buildConfigurationList = 2B96DE142632166E001C1026 /* Build configuration list for PBXNativeTarget "FindPlaceTests" */;
			buildPhases = (
				2B96DDF92632166E001C1026 /* Sources */,
				2B96DDFA2632166E001C1026 /* Frameworks */,
				2B96DDFB2632166E001C1026 /* Resources */,
			);
			buildRules = (
			);
			dependencies = (
				2B96DDFF2632166E001C1026 /* PBXTargetDependency */,
			);
			name = FindPlaceTests;
			productName = FindPlaceTests;
			productReference = 2B96DDFD2632166E001C1026 /* FindPlaceTests.xctest */;
			productType = "com.apple.product-type.bundle.unit-test";
		};
		2B96DE072632166E001C1026 /* FindPlaceUITests */ = {
			isa = PBXNativeTarget;
			buildConfigurationList = 2B96DE172632166E001C1026 /* Build configuration list for PBXNativeTarget "FindPlaceUITests" */;
			buildPhases = (
				2B96DE042632166E001C1026 /* Sources */,
				2B96DE052632166E001C1026 /* Frameworks */,
				2B96DE062632166E001C1026 /* Resources */,
			);
			buildRules = (
			);
			dependencies = (
				2B96DE0A2632166E001C1026 /* PBXTargetDependency */,
			);
			name = FindPlaceUITests;
			productName = FindPlaceUITests;
			productReference = 2B96DE082632166E001C1026 /* FindPlaceUITests.xctest */;
			productType = "com.apple.product-type.bundle.ui-testing";
		};
/* End PBXNativeTarget section */

/* Begin PBXProject section */
		2B96DDDF2632166A001C1026 /* Project object */ = {
			isa = PBXProject;
			attributes = {
				LastSwiftUpdateCheck = 1240;
				LastUpgradeCheck = 1240;
				TargetAttributes = {
					2B96DDE62632166A001C1026 = {
						CreatedOnToolsVersion = 12.4;
					};
					2B96DDFC2632166E001C1026 = {
						CreatedOnToolsVersion = 12.4;
						TestTargetID = 2B96DDE62632166A001C1026;
					};
					2B96DE072632166E001C1026 = {
						CreatedOnToolsVersion = 12.4;
						TestTargetID = 2B96DDE62632166A001C1026;
					};
				};
			};
			buildConfigurationList = 2B96DDE22632166A001C1026 /* Build configuration list for PBXProject "FindPlace" */;
			compatibilityVersion = "Xcode 9.3";
			developmentRegion = en;
			hasScannedForEncodings = 0;
			knownRegions = (
				en,
				Base,
			);
			mainGroup = 2B96DDDE2632166A001C1026;
			productRefGroup = 2B96DDE82632166A001C1026 /* Products */;
			projectDirPath = "";
			projectRoot = "";
			targets = (
				2B96DDE62632166A001C1026 /* FindPlace */,
				2B96DDFC2632166E001C1026 /* FindPlaceTests */,
				2B96DE072632166E001C1026 /* FindPlaceUITests */,
			);
		};
/* End PBXProject section */

/* Begin PBXResourcesBuildPhase section */
		2B96DDE52632166A001C1026 /* Resources */ = {
			isa = PBXResourcesBuildPhase;
			buildActionMask = 2147483647;
			files = (
				2B96DE2B26321708001C1026 /* Main.storyboard in Resources */,
				2B96DE2926321708001C1026 /* Assets.xcassets in Resources */,
				2B96DE2A26321708001C1026 /* LaunchScreen.storyboard in Resources */,
			);
			runOnlyForDeploymentPostprocessing = 0;
		};
		2B96DDFB2632166E001C1026 /* Resources */ = {
			isa = PBXResourcesBuildPhase;
			buildActionMask = 2147483647;
			files = (
			);
			runOnlyForDeploymentPostprocessing = 0;
		};
		2B96DE062632166E001C1026 /* Resources */ = {
			isa = PBXResourcesBuildPhase;
			buildActionMask = 2147483647;
			files = (
			);
			runOnlyForDeploymentPostprocessing = 0;
		};
/* End PBXResourcesBuildPhase section */

/* Begin PBXSourcesBuildPhase section */
		2B96DDE32632166A001C1026 /* Sources */ = {
			isa = PBXSourcesBuildPhase;
			buildActionMask = 2147483647;
			files = (
				2B96DE7926321C4A001C1026 /* APIRequestProtocol.swift in Sources */,
				2B5CAA8B263795D5001E99C5 /* DataSourceProtocol.swift in Sources */,
				2B5CAA0826323F9A001E99C5 /* Place.swift in Sources */,
				2B96DE8C26321EE6001C1026 /* FindPlaceModulesFactory.swift in Sources */,
				2B75D7D226322F8B00ED8FFB /* APIMapRequest.swift in Sources */,
				2B5CAA81263795A6001E99C5 /* PlacesDataSource.swift in Sources */,
				2B5CAA0226323F23001E99C5 /* DataStorage.swift in Sources */,
				2B96DE5D26321AE8001C1026 /* CoordinatorProtocol.swift in Sources */,
				2B96DE3426321713001C1026 /* AppDelegate.swift in Sources */,
				2B5CA9FD26323F16001E99C5 /* MainCoordinator.swift in Sources */,
				2B75D7CA2632298600ED8FFB /* CommonError.swift in Sources */,
				2B96DEA126322359001C1026 /* SearchPlaceViewModel.swift in Sources */,
				2B5CAA1026324152001E99C5 /* PlaceDetails.swift in Sources */,
				2B96DE7E26321C5E001C1026 /* APIService.swift in Sources */,
				2B96DE3526321713001C1026 /* SceneDelegate.swift in Sources */,
				2B5CAA9C263798B3001E99C5 /* ViewModelProtocol.swift in Sources */,
				2B5CAAA1263798DE001E99C5 /* ViewProtocol.swift in Sources */,
				2B96DE9926322312001C1026 /* SearchPlaceViewController.swift in Sources */,
			);
			runOnlyForDeploymentPostprocessing = 0;
		};
		2B96DDF92632166E001C1026 /* Sources */ = {
			isa = PBXSourcesBuildPhase;
			buildActionMask = 2147483647;
			files = (
				2B96DE022632166E001C1026 /* FindPlaceTests.swift in Sources */,
			);
			runOnlyForDeploymentPostprocessing = 0;
		};
		2B96DE042632166E001C1026 /* Sources */ = {
			isa = PBXSourcesBuildPhase;
			buildActionMask = 2147483647;
			files = (
				2B96DE0D2632166E001C1026 /* FindPlaceUITests.swift in Sources */,
			);
			runOnlyForDeploymentPostprocessing = 0;
		};
/* End PBXSourcesBuildPhase section */

/* Begin PBXTargetDependency section */
		2B96DDFF2632166E001C1026 /* PBXTargetDependency */ = {
			isa = PBXTargetDependency;
			target = 2B96DDE62632166A001C1026 /* FindPlace */;
			targetProxy = 2B96DDFE2632166E001C1026 /* PBXContainerItemProxy */;
		};
		2B96DE0A2632166E001C1026 /* PBXTargetDependency */ = {
			isa = PBXTargetDependency;
			target = 2B96DDE62632166A001C1026 /* FindPlace */;
			targetProxy = 2B96DE092632166E001C1026 /* PBXContainerItemProxy */;
		};
/* End PBXTargetDependency section */

/* Begin PBXVariantGroup section */
		2B96DE2526321708001C1026 /* LaunchScreen.storyboard */ = {
			isa = PBXVariantGroup;
			children = (
				2B96DE2626321708001C1026 /* Base */,
			);
			name = LaunchScreen.storyboard;
			sourceTree = "<group>";
		};
		2B96DE2726321708001C1026 /* Main.storyboard */ = {
			isa = PBXVariantGroup;
			children = (
				2B96DE2826321708001C1026 /* Base */,
			);
			name = Main.storyboard;
			sourceTree = "<group>";
		};
/* End PBXVariantGroup section */

/* Begin XCBuildConfiguration section */
		2B96DE0F2632166E001C1026 /* Debug */ = {
			isa = XCBuildConfiguration;
			buildSettings = {
				ALWAYS_SEARCH_USER_PATHS = NO;
				CLANG_ANALYZER_NONNULL = YES;
				CLANG_ANALYZER_NUMBER_OBJECT_CONVERSION = YES_AGGRESSIVE;
				CLANG_CXX_LANGUAGE_STANDARD = "gnu++14";
				CLANG_CXX_LIBRARY = "libc++";
				CLANG_ENABLE_MODULES = YES;
				CLANG_ENABLE_OBJC_ARC = YES;
				CLANG_ENABLE_OBJC_WEAK = YES;
				CLANG_WARN_BLOCK_CAPTURE_AUTORELEASING = YES;
				CLANG_WARN_BOOL_CONVERSION = YES;
				CLANG_WARN_COMMA = YES;
				CLANG_WARN_CONSTANT_CONVERSION = YES;
				CLANG_WARN_DEPRECATED_OBJC_IMPLEMENTATIONS = YES;
				CLANG_WARN_DIRECT_OBJC_ISA_USAGE = YES_ERROR;
				CLANG_WARN_DOCUMENTATION_COMMENTS = YES;
				CLANG_WARN_EMPTY_BODY = YES;
				CLANG_WARN_ENUM_CONVERSION = YES;
				CLANG_WARN_INFINITE_RECURSION = YES;
				CLANG_WARN_INT_CONVERSION = YES;
				CLANG_WARN_NON_LITERAL_NULL_CONVERSION = YES;
				CLANG_WARN_OBJC_IMPLICIT_RETAIN_SELF = YES;
				CLANG_WARN_OBJC_LITERAL_CONVERSION = YES;
				CLANG_WARN_OBJC_ROOT_CLASS = YES_ERROR;
				CLANG_WARN_QUOTED_INCLUDE_IN_FRAMEWORK_HEADER = YES;
				CLANG_WARN_RANGE_LOOP_ANALYSIS = YES;
				CLANG_WARN_STRICT_PROTOTYPES = YES;
				CLANG_WARN_SUSPICIOUS_MOVE = YES;
				CLANG_WARN_UNGUARDED_AVAILABILITY = YES_AGGRESSIVE;
				CLANG_WARN_UNREACHABLE_CODE = YES;
				CLANG_WARN__DUPLICATE_METHOD_MATCH = YES;
				COPY_PHASE_STRIP = NO;
				DEBUG_INFORMATION_FORMAT = dwarf;
				ENABLE_STRICT_OBJC_MSGSEND = YES;
				ENABLE_TESTABILITY = YES;
				GCC_C_LANGUAGE_STANDARD = gnu11;
				GCC_DYNAMIC_NO_PIC = NO;
				GCC_NO_COMMON_BLOCKS = YES;
				GCC_OPTIMIZATION_LEVEL = 0;
				GCC_PREPROCESSOR_DEFINITIONS = (
					"DEBUG=1",
					"$(inherited)",
				);
				GCC_WARN_64_TO_32_BIT_CONVERSION = YES;
				GCC_WARN_ABOUT_RETURN_TYPE = YES_ERROR;
				GCC_WARN_UNDECLARED_SELECTOR = YES;
				GCC_WARN_UNINITIALIZED_AUTOS = YES_AGGRESSIVE;
				GCC_WARN_UNUSED_FUNCTION = YES;
				GCC_WARN_UNUSED_VARIABLE = YES;
				IPHONEOS_DEPLOYMENT_TARGET = 14.4;
				MTL_ENABLE_DEBUG_INFO = INCLUDE_SOURCE;
				MTL_FAST_MATH = YES;
				ONLY_ACTIVE_ARCH = YES;
				SDKROOT = iphoneos;
				SWIFT_ACTIVE_COMPILATION_CONDITIONS = DEBUG;
				SWIFT_OPTIMIZATION_LEVEL = "-Onone";
			};
			name = Debug;
		};
		2B96DE102632166E001C1026 /* Release */ = {
			isa = XCBuildConfiguration;
			buildSettings = {
				ALWAYS_SEARCH_USER_PATHS = NO;
				CLANG_ANALYZER_NONNULL = YES;
				CLANG_ANALYZER_NUMBER_OBJECT_CONVERSION = YES_AGGRESSIVE;
				CLANG_CXX_LANGUAGE_STANDARD = "gnu++14";
				CLANG_CXX_LIBRARY = "libc++";
				CLANG_ENABLE_MODULES = YES;
				CLANG_ENABLE_OBJC_ARC = YES;
				CLANG_ENABLE_OBJC_WEAK = YES;
				CLANG_WARN_BLOCK_CAPTURE_AUTORELEASING = YES;
				CLANG_WARN_BOOL_CONVERSION = YES;
				CLANG_WARN_COMMA = YES;
				CLANG_WARN_CONSTANT_CONVERSION = YES;
				CLANG_WARN_DEPRECATED_OBJC_IMPLEMENTATIONS = YES;
				CLANG_WARN_DIRECT_OBJC_ISA_USAGE = YES_ERROR;
				CLANG_WARN_DOCUMENTATION_COMMENTS = YES;
				CLANG_WARN_EMPTY_BODY = YES;
				CLANG_WARN_ENUM_CONVERSION = YES;
				CLANG_WARN_INFINITE_RECURSION = YES;
				CLANG_WARN_INT_CONVERSION = YES;
				CLANG_WARN_NON_LITERAL_NULL_CONVERSION = YES;
				CLANG_WARN_OBJC_IMPLICIT_RETAIN_SELF = YES;
				CLANG_WARN_OBJC_LITERAL_CONVERSION = YES;
				CLANG_WARN_OBJC_ROOT_CLASS = YES_ERROR;
				CLANG_WARN_QUOTED_INCLUDE_IN_FRAMEWORK_HEADER = YES;
				CLANG_WARN_RANGE_LOOP_ANALYSIS = YES;
				CLANG_WARN_STRICT_PROTOTYPES = YES;
				CLANG_WARN_SUSPICIOUS_MOVE = YES;
				CLANG_WARN_UNGUARDED_AVAILABILITY = YES_AGGRESSIVE;
				CLANG_WARN_UNREACHABLE_CODE = YES;
				CLANG_WARN__DUPLICATE_METHOD_MATCH = YES;
				COPY_PHASE_STRIP = NO;
				DEBUG_INFORMATION_FORMAT = "dwarf-with-dsym";
				ENABLE_NS_ASSERTIONS = NO;
				ENABLE_STRICT_OBJC_MSGSEND = YES;
				GCC_C_LANGUAGE_STANDARD = gnu11;
				GCC_NO_COMMON_BLOCKS = YES;
				GCC_WARN_64_TO_32_BIT_CONVERSION = YES;
				GCC_WARN_ABOUT_RETURN_TYPE = YES_ERROR;
				GCC_WARN_UNDECLARED_SELECTOR = YES;
				GCC_WARN_UNINITIALIZED_AUTOS = YES_AGGRESSIVE;
				GCC_WARN_UNUSED_FUNCTION = YES;
				GCC_WARN_UNUSED_VARIABLE = YES;
				IPHONEOS_DEPLOYMENT_TARGET = 14.4;
				MTL_ENABLE_DEBUG_INFO = NO;
				MTL_FAST_MATH = YES;
				SDKROOT = iphoneos;
				SWIFT_COMPILATION_MODE = wholemodule;
				SWIFT_OPTIMIZATION_LEVEL = "-O";
				VALIDATE_PRODUCT = YES;
			};
			name = Release;
		};
		2B96DE122632166E001C1026 /* Debug */ = {
			isa = XCBuildConfiguration;
			buildSettings = {
				ASSETCATALOG_COMPILER_APPICON_NAME = AppIcon;
				ASSETCATALOG_COMPILER_GLOBAL_ACCENT_COLOR_NAME = AccentColor;
				CODE_SIGN_STYLE = Automatic;
				INFOPLIST_FILE = FindPlace/Info.plist;
				LD_RUNPATH_SEARCH_PATHS = (
					"$(inherited)",
					"@executable_path/Frameworks",
				);
				PRODUCT_BUNDLE_IDENTIFIER = dmytrobenedyk.FindPlace;
				PRODUCT_NAME = "$(TARGET_NAME)";
				SWIFT_VERSION = 5.0;
				TARGETED_DEVICE_FAMILY = "1,2";
			};
			name = Debug;
		};
		2B96DE132632166E001C1026 /* Release */ = {
			isa = XCBuildConfiguration;
			buildSettings = {
				ASSETCATALOG_COMPILER_APPICON_NAME = AppIcon;
				ASSETCATALOG_COMPILER_GLOBAL_ACCENT_COLOR_NAME = AccentColor;
				CODE_SIGN_STYLE = Automatic;
				INFOPLIST_FILE = FindPlace/Info.plist;
				LD_RUNPATH_SEARCH_PATHS = (
					"$(inherited)",
					"@executable_path/Frameworks",
				);
				PRODUCT_BUNDLE_IDENTIFIER = dmytrobenedyk.FindPlace;
				PRODUCT_NAME = "$(TARGET_NAME)";
				SWIFT_VERSION = 5.0;
				TARGETED_DEVICE_FAMILY = "1,2";
			};
			name = Release;
		};
		2B96DE152632166E001C1026 /* Debug */ = {
			isa = XCBuildConfiguration;
			buildSettings = {
				ALWAYS_EMBED_SWIFT_STANDARD_LIBRARIES = YES;
				BUNDLE_LOADER = "$(TEST_HOST)";
				CODE_SIGN_STYLE = Automatic;
				INFOPLIST_FILE = FindPlaceTests/Info.plist;
				IPHONEOS_DEPLOYMENT_TARGET = 14.4;
				LD_RUNPATH_SEARCH_PATHS = (
					"$(inherited)",
					"@executable_path/Frameworks",
					"@loader_path/Frameworks",
				);
				PRODUCT_BUNDLE_IDENTIFIER = dmytrobenedyk.FindPlaceTests;
				PRODUCT_NAME = "$(TARGET_NAME)";
				SWIFT_VERSION = 5.0;
				TARGETED_DEVICE_FAMILY = "1,2";
				TEST_HOST = "$(BUILT_PRODUCTS_DIR)/FindPlace.app/FindPlace";
			};
			name = Debug;
		};
		2B96DE162632166E001C1026 /* Release */ = {
			isa = XCBuildConfiguration;
			buildSettings = {
				ALWAYS_EMBED_SWIFT_STANDARD_LIBRARIES = YES;
				BUNDLE_LOADER = "$(TEST_HOST)";
				CODE_SIGN_STYLE = Automatic;
				INFOPLIST_FILE = FindPlaceTests/Info.plist;
				IPHONEOS_DEPLOYMENT_TARGET = 14.4;
				LD_RUNPATH_SEARCH_PATHS = (
					"$(inherited)",
					"@executable_path/Frameworks",
					"@loader_path/Frameworks",
				);
				PRODUCT_BUNDLE_IDENTIFIER = dmytrobenedyk.FindPlaceTests;
				PRODUCT_NAME = "$(TARGET_NAME)";
				SWIFT_VERSION = 5.0;
				TARGETED_DEVICE_FAMILY = "1,2";
				TEST_HOST = "$(BUILT_PRODUCTS_DIR)/FindPlace.app/FindPlace";
			};
			name = Release;
		};
		2B96DE182632166E001C1026 /* Debug */ = {
			isa = XCBuildConfiguration;
			buildSettings = {
				ALWAYS_EMBED_SWIFT_STANDARD_LIBRARIES = YES;
				CODE_SIGN_STYLE = Automatic;
				INFOPLIST_FILE = FindPlaceUITests/Info.plist;
				LD_RUNPATH_SEARCH_PATHS = (
					"$(inherited)",
					"@executable_path/Frameworks",
					"@loader_path/Frameworks",
				);
				PRODUCT_BUNDLE_IDENTIFIER = dmytrobenedyk.FindPlaceUITests;
				PRODUCT_NAME = "$(TARGET_NAME)";
				SWIFT_VERSION = 5.0;
				TARGETED_DEVICE_FAMILY = "1,2";
				TEST_TARGET_NAME = FindPlace;
			};
			name = Debug;
		};
		2B96DE192632166E001C1026 /* Release */ = {
			isa = XCBuildConfiguration;
			buildSettings = {
				ALWAYS_EMBED_SWIFT_STANDARD_LIBRARIES = YES;
				CODE_SIGN_STYLE = Automatic;
				INFOPLIST_FILE = FindPlaceUITests/Info.plist;
				LD_RUNPATH_SEARCH_PATHS = (
					"$(inherited)",
					"@executable_path/Frameworks",
					"@loader_path/Frameworks",
				);
				PRODUCT_BUNDLE_IDENTIFIER = dmytrobenedyk.FindPlaceUITests;
				PRODUCT_NAME = "$(TARGET_NAME)";
				SWIFT_VERSION = 5.0;
				TARGETED_DEVICE_FAMILY = "1,2";
				TEST_TARGET_NAME = FindPlace;
			};
			name = Release;
		};
/* End XCBuildConfiguration section */

/* Begin XCConfigurationList section */
		2B96DDE22632166A001C1026 /* Build configuration list for PBXProject "FindPlace" */ = {
			isa = XCConfigurationList;
			buildConfigurations = (
				2B96DE0F2632166E001C1026 /* Debug */,
				2B96DE102632166E001C1026 /* Release */,
			);
			defaultConfigurationIsVisible = 0;
			defaultConfigurationName = Release;
		};
		2B96DE112632166E001C1026 /* Build configuration list for PBXNativeTarget "FindPlace" */ = {
			isa = XCConfigurationList;
			buildConfigurations = (
				2B96DE122632166E001C1026 /* Debug */,
				2B96DE132632166E001C1026 /* Release */,
			);
			defaultConfigurationIsVisible = 0;
			defaultConfigurationName = Release;
		};
		2B96DE142632166E001C1026 /* Build configuration list for PBXNativeTarget "FindPlaceTests" */ = {
			isa = XCConfigurationList;
			buildConfigurations = (
				2B96DE152632166E001C1026 /* Debug */,
				2B96DE162632166E001C1026 /* Release */,
			);
			defaultConfigurationIsVisible = 0;
			defaultConfigurationName = Release;
		};
		2B96DE172632166E001C1026 /* Build configuration list for PBXNativeTarget "FindPlaceUITests" */ = {
			isa = XCConfigurationList;
			buildConfigurations = (
				2B96DE182632166E001C1026 /* Debug */,
				2B96DE192632166E001C1026 /* Release */,
			);
			defaultConfigurationIsVisible = 0;
			defaultConfigurationName = Release;
		};
/* End XCConfigurationList section */
	};
	rootObject = 2B96DDDF2632166A001C1026 /* Project object */;
}
